
Microsoft Visual Studio Solution File, Format Version 11.00
# Visual Studio 2010
Project("{FAE04EC0-301F-11D3-BF4B-00C04F79EFBC}") = "UnityMol_SVN", "Assembly-CSharp-firstpass.csproj", "{F1B1A5FE-63C7-D5FB-BD22-DDB463C575DB}"
EndProject
Project("{FAE04EC0-301F-11D3-BF4B-00C04F79EFBC}") = "UnityMol_SVN", "Assembly-CSharp.csproj", "{1F2C80E8-07D8-FEA3-B18C-FED5F0BAB189}"
EndProject
Project("{FAE04EC0-301F-11D3-BF4B-00C04F79EFBC}") = "UnityMol_SVN", "Assembly-CSharp-Editor.csproj", "{F9A2C18A-9F5F-EBCA-22C3-C0A6F00F8F4F}"
EndProject
Global
	GlobalSection(SolutionConfigurationPlatforms) = preSolution
		Debug|Any CPU = Debug|Any CPU
		Release|Any CPU = Release|Any CPU
	EndGlobalSection
	GlobalSection(ProjectConfigurationPlatforms) = postSolution
		{F1B1A5FE-63C7-D5FB-BD22-DDB463C575DB}.Debug|Any CPU.ActiveCfg = Debug|Any CPU
		{F1B1A5FE-63C7-D5FB-BD22-DDB463C575DB}.Debug|Any CPU.Build.0 = Debug|Any CPU
		{F1B1A5FE-63C7-D5FB-BD22-DDB463C575DB}.Release|Any CPU.ActiveCfg = Release|Any CPU
		{F1B1A5FE-63C7-D5FB-BD22-DDB463C575DB}.Release|Any CPU.Build.0 = Release|Any CPU
		{1F2C80E8-07D8-FEA3-B18C-FED5F0BAB189}.Debug|Any CPU.ActiveCfg = Debug|Any CPU
		{1F2C80E8-07D8-FEA3-B18C-FED5F0BAB189}.Debug|Any CPU.Build.0 = Debug|Any CPU
		{1F2C80E8-07D8-FEA3-B18C-FED5F0BAB189}.Release|Any CPU.ActiveCfg = Release|Any CPU
		{1F2C80E8-07D8-FEA3-B18C-FED5F0BAB189}.Release|Any CPU.Build.0 = Release|Any CPU
		{F9A2C18A-9F5F-EBCA-22C3-C0A6F00F8F4F}.Debug|Any CPU.ActiveCfg = Debug|Any CPU
		{F9A2C18A-9F5F-EBCA-22C3-C0A6F00F8F4F}.Debug|Any CPU.Build.0 = Debug|Any CPU
		{F9A2C18A-9F5F-EBCA-22C3-C0A6F00F8F4F}.Release|Any CPU.ActiveCfg = Release|Any CPU
		{F9A2C18A-9F5F-EBCA-22C3-C0A6F00F8F4F}.Release|Any CPU.Build.0 = Release|Any CPU
	EndGlobalSection
	GlobalSection(SolutionProperties) = preSolution
		HideSolutionNode = FALSE
	EndGlobalSection
	GlobalSection(MonoDevelopProperties) = preSolution
		StartupItem = Assembly-CSharp.csproj
	EndGlobalSection
EndGlobal
